
Microsoft Visual Studio Solution File, Format Version 12.00
# Visual Studio Version 17
VisualStudioVersion = 17.7.34031.279
MinimumVisualStudioVersion = 10.0.40219.1
Project("{FAE04EC0-301F-11D3-BF4B-00C04F79EFBC}") = "photoNom", "photoNom\photoNom.csproj", "{1C389BB9-843B-4244-A424-8CF58B3A5914}"
EndProject
Global
	GlobalSection(SolutionConfigurationPlatforms) = preSolution
		Debug|Any CPU = Debug|Any CPU
		Release|Any CPU = Release|Any CPU
	EndGlobalSection
	GlobalSection(ProjectConfigurationPlatforms) = postSolution
		{1C389BB9-843B-4244-A424-8CF58B3A5914}.Debug|Any CPU.ActiveCfg = Debug|Any CPU
		{1C389BB9-843B-4244-A424-8CF58B3A5914}.Debug|Any CPU.Build.0 = Debug|Any CPU
		{1C389BB9-843B-4244-A424-8CF58B3A5914}.Release|Any CPU.ActiveCfg = Release|Any CPU
		{1C389BB9-843B-4244-A424-8CF58B3A5914}.Release|Any CPU.Build.0 = Release|Any CPU
	EndGlobalSection
	GlobalSection(SolutionProperties) = preSolution
		HideSolutionNode = FALSE
	EndGlobalSection
	GlobalSection(ExtensibilityGlobals) = postSolution
		SolutionGuid = {8D20DE2D-6FA2-46DA-A945-8A08F1AA11CA}
	EndGlobalSection
EndGlobal
